
Microsoft Visual Studio Solution File, Format Version 12.00
# Visual Studio Version 16
VisualStudioVersion = 16.0.31205.134
MinimumVisualStudioVersion = 10.0.40219.1
Project("{FAE04EC0-301F-11D3-BF4B-00C04F79EFBC}") = "RealEstate", "RealEstate\RealEstate.csproj", "{C94ECE36-7632-49C8-8EB6-983A960A8625}"
EndProject
Global
	GlobalSection(SolutionConfigurationPlatforms) = preSolution
		Debug|Any CPU = Debug|Any CPU
		Release|Any CPU = Release|Any CPU
	EndGlobalSection
	GlobalSection(ProjectConfigurationPlatforms) = postSolution
		{C94ECE36-7632-49C8-8EB6-983A960A8625}.Debug|Any CPU.ActiveCfg = Debug|Any CPU
		{C94ECE36-7632-49C8-8EB6-983A960A8625}.Debug|Any CPU.Build.0 = Debug|Any CPU
		{C94ECE36-7632-49C8-8EB6-983A960A8625}.Release|Any CPU.ActiveCfg = Release|Any CPU
		{C94ECE36-7632-49C8-8EB6-983A960A8625}.Release|Any CPU.Build.0 = Release|Any CPU
	EndGlobalSection
	GlobalSection(SolutionProperties) = preSolution
		HideSolutionNode = FALSE
	EndGlobalSection
	GlobalSection(ExtensibilityGlobals) = postSolution
		SolutionGuid = {F7770519-B3FA-4178-8DB6-A5088B50D8CF}
	EndGlobalSection
EndGlobal
